
Microsoft Visual Studio Solution File, Format Version 11.00
# Visual Studio 2010
Project("{FAE04EC0-301F-11D3-BF4B-00C04F79EFBC}") = "Betterment", "Betterment\Betterment.csproj", "{059BC5F5-4876-45CC-A5EF-43C7D6B6890D}"
EndProject
Project("{FAE04EC0-301F-11D3-BF4B-00C04F79EFBC}") = "Betterment.Tests", "Betterment.Tests\Betterment.Tests.csproj", "{5A74AFA0-613E-4784-8E58-7DBEAA5128A8}"
EndProject
Project("{FAE04EC0-301F-11D3-BF4B-00C04F79EFBC}") = "Data", "Data\Data.csproj", "{9D2D0C09-3632-454C-9F42-385DC1A51CFF}"
EndProject
Project("{FAE04EC0-301F-11D3-BF4B-00C04F79EFBC}") = "Entities", "Entities\Entities.csproj", "{8B922A3D-1ADF-46AC-8866-5E7ECE6D43E0}"
EndProject
Project("{FAE04EC0-301F-11D3-BF4B-00C04F79EFBC}") = "Repository", "Repository\Repository.csproj", "{F476A6FC-B537-4C7E-895F-5B21523BBC12}"
EndProject
Global
	GlobalSection(SolutionConfigurationPlatforms) = preSolution
		Debug|Any CPU = Debug|Any CPU
		Release|Any CPU = Release|Any CPU
	EndGlobalSection
	GlobalSection(ProjectConfigurationPlatforms) = postSolution
		{059BC5F5-4876-45CC-A5EF-43C7D6B6890D}.Debug|Any CPU.ActiveCfg = Debug|Any CPU
		{059BC5F5-4876-45CC-A5EF-43C7D6B6890D}.Debug|Any CPU.Build.0 = Debug|Any CPU
		{059BC5F5-4876-45CC-A5EF-43C7D6B6890D}.Release|Any CPU.ActiveCfg = Release|Any CPU
		{059BC5F5-4876-45CC-A5EF-43C7D6B6890D}.Release|Any CPU.Build.0 = Release|Any CPU
		{5A74AFA0-613E-4784-8E58-7DBEAA5128A8}.Debug|Any CPU.ActiveCfg = Debug|Any CPU
		{5A74AFA0-613E-4784-8E58-7DBEAA5128A8}.Debug|Any CPU.Build.0 = Debug|Any CPU
		{5A74AFA0-613E-4784-8E58-7DBEAA5128A8}.Release|Any CPU.ActiveCfg = Release|Any CPU
		{5A74AFA0-613E-4784-8E58-7DBEAA5128A8}.Release|Any CPU.Build.0 = Release|Any CPU
		{9D2D0C09-3632-454C-9F42-385DC1A51CFF}.Debug|Any CPU.ActiveCfg = Debug|Any CPU
		{9D2D0C09-3632-454C-9F42-385DC1A51CFF}.Debug|Any CPU.Build.0 = Debug|Any CPU
		{9D2D0C09-3632-454C-9F42-385DC1A51CFF}.Release|Any CPU.ActiveCfg = Release|Any CPU
		{9D2D0C09-3632-454C-9F42-385DC1A51CFF}.Release|Any CPU.Build.0 = Release|Any CPU
		{8B922A3D-1ADF-46AC-8866-5E7ECE6D43E0}.Debug|Any CPU.ActiveCfg = Debug|Any CPU
		{8B922A3D-1ADF-46AC-8866-5E7ECE6D43E0}.Debug|Any CPU.Build.0 = Debug|Any CPU
		{8B922A3D-1ADF-46AC-8866-5E7ECE6D43E0}.Release|Any CPU.ActiveCfg = Release|Any CPU
		{8B922A3D-1ADF-46AC-8866-5E7ECE6D43E0}.Release|Any CPU.Build.0 = Release|Any CPU
		{F476A6FC-B537-4C7E-895F-5B21523BBC12}.Debug|Any CPU.ActiveCfg = Debug|Any CPU
		{F476A6FC-B537-4C7E-895F-5B21523BBC12}.Debug|Any CPU.Build.0 = Debug|Any CPU
		{F476A6FC-B537-4C7E-895F-5B21523BBC12}.Release|Any CPU.ActiveCfg = Release|Any CPU
		{F476A6FC-B537-4C7E-895F-5B21523BBC12}.Release|Any CPU.Build.0 = Release|Any CPU
	EndGlobalSection
	GlobalSection(SolutionProperties) = preSolution
		HideSolutionNode = FALSE
	EndGlobalSection
EndGlobal
